# This file is autogenerated, do not edit; changes may be undone by the next 'dep ensure'.


[[projects]]
  name = "gopkg.in/go-playground/webhooks.v3"
  packages = [".","github"]
  revision = "9494e434fce6e5a274dc514d4e507746d0c3b4cf"
  version = "v3.6.0"

[solve-meta]
  analyzer-name = "dep"
  analyzer-version = 1
  inputs-digest = "709a6bf24a3bb80f8d2f006d5c6850a1855a73e0a456638fc037d06d65a235f4"
  solver-name = "gps-cdcl"
  solver-version = 1
